{
  "name": "heapify-benchmark",
  "version": "0.0.0",
  "lockfileVersion": 3,
  "requires": true,
  "packages": {
    "": {
      "name": "heapify-benchmark",
      "version": "0.0.0",
      "dependencies": {
        "fastpriorityqueue": "0.6.3",
        "flatqueue": "1.1.0",
        "google-closure-library": "20200830.0.0",
        "heapify": "file:../heapify-local.tgz",
        "tinyqueue": "2.0.3"
      }
    },
    "node_modules/fastpriorityqueue": {
      "version": "0.6.3",
      "license": "Apache-2.0"
    },
    "node_modules/flatqueue": {
      "version": "1.1.0",
      "license": "ISC"
    },
    "node_modules/google-closure-library": {
      "version": "20200830.0.0",
      "license": "Apache-2.0"
    },
    "node_modules/heapify": {
      "version": "0.6.0",
      "resolved": "file:../heapify-local.tgz",
      "integrity": "sha512-g0KyWJoW175vbDpbPvJjfxVAv0W3BH4J4is7gm/J6JroSDWs3IBOtHZl95JcqUnovTYbtv7voIDafxZ3oDmG5g==",
      "license": "MIT"
    },
    "node_modules/tinyqueue": {
      "version": "2.0.3",
      "license": "ISC"
    }
  }
}
